
Microsoft Visual Studio Solution File, Format Version 12.00
# Visual Studio Version 17
VisualStudioVersion = 17.0.31903.59
MinimumVisualStudioVersion = 10.0.40219.1
Project("{2150E333-8FDC-42A3-9474-1A3956D46DE8}") = "src", "src", "{827E0CD3-B72D-47B6-A68D-7590B98EB39B}"
EndProject
Project("{FAE04EC0-301F-11D3-BF4B-00C04F79EFBC}") = "MoodLog.Core", "src\MoodLog.Core\MoodLog.Core.csproj", "{B40CD014-18BB-4CA0-A1CA-E858FB202625}"
EndProject
Project("{FAE04EC0-301F-11D3-BF4B-00C04F79EFBC}") = "MoodLog.Infrastructure", "src\MoodLog.Infrastructure\MoodLog.Infrastructure.csproj", "{CFC62108-633B-42ED-A510-42A8C88535B6}"
EndProject
Project("{FAE04EC0-301F-11D3-BF4B-00C04F79EFBC}") = "MoodLog.Application", "src\MoodLog.Application\MoodLog.Application.csproj", "{1C742D67-3BF6-4891-ADFB-C2C88B89EC69}"
EndProject
Project("{FAE04EC0-301F-11D3-BF4B-00C04F79EFBC}") = "MoodLog.Web", "src\MoodLog.Web\MoodLog.Web.csproj", "{B3224BC8-E331-4E18-9742-F59A5B331D58}"
EndProject
Project("{2150E333-8FDC-42A3-9474-1A3956D46DE8}") = "tests", "tests", "{0AB3BF05-4346-4AA6-1389-037BE0695223}"
EndProject
Project("{FAE04EC0-301F-11D3-BF4B-00C04F79EFBC}") = "MoodLog.Core.Tests", "tests\MoodLog.Core.Tests\MoodLog.Core.Tests.csproj", "{E8AEDBC5-2640-43AE-BD92-ABACA689272E}"
EndProject
Project("{FAE04EC0-301F-11D3-BF4B-00C04F79EFBC}") = "MoodLog.Application.Tests", "tests\MoodLog.Application.Tests\MoodLog.Application.Tests.csproj", "{1728F168-8B51-4393-833C-0FA92DF8270C}"
EndProject
Global
	GlobalSection(SolutionConfigurationPlatforms) = preSolution
		Debug|Any CPU = Debug|Any CPU
		Debug|x64 = Debug|x64
		Debug|x86 = Debug|x86
		Release|Any CPU = Release|Any CPU
		Release|x64 = Release|x64
		Release|x86 = Release|x86
	EndGlobalSection
	GlobalSection(ProjectConfigurationPlatforms) = postSolution
		{B40CD014-18BB-4CA0-A1CA-E858FB202625}.Debug|Any CPU.ActiveCfg = Debug|Any CPU
		{B40CD014-18BB-4CA0-A1CA-E858FB202625}.Debug|Any CPU.Build.0 = Debug|Any CPU
		{B40CD014-18BB-4CA0-A1CA-E858FB202625}.Debug|x64.ActiveCfg = Debug|Any CPU
		{B40CD014-18BB-4CA0-A1CA-E858FB202625}.Debug|x64.Build.0 = Debug|Any CPU
		{B40CD014-18BB-4CA0-A1CA-E858FB202625}.Debug|x86.ActiveCfg = Debug|Any CPU
		{B40CD014-18BB-4CA0-A1CA-E858FB202625}.Debug|x86.Build.0 = Debug|Any CPU
		{B40CD014-18BB-4CA0-A1CA-E858FB202625}.Release|Any CPU.ActiveCfg = Release|Any CPU
		{B40CD014-18BB-4CA0-A1CA-E858FB202625}.Release|Any CPU.Build.0 = Release|Any CPU
		{B40CD014-18BB-4CA0-A1CA-E858FB202625}.Release|x64.ActiveCfg = Release|Any CPU
		{B40CD014-18BB-4CA0-A1CA-E858FB202625}.Release|x64.Build.0 = Release|Any CPU
		{B40CD014-18BB-4CA0-A1CA-E858FB202625}.Release|x86.ActiveCfg = Release|Any CPU
		{B40CD014-18BB-4CA0-A1CA-E858FB202625}.Release|x86.Build.0 = Release|Any CPU
		{CFC62108-633B-42ED-A510-42A8C88535B6}.Debug|Any CPU.ActiveCfg = Debug|Any CPU
		{CFC62108-633B-42ED-A510-42A8C88535B6}.Debug|Any CPU.Build.0 = Debug|Any CPU
		{CFC62108-633B-42ED-A510-42A8C88535B6}.Debug|x64.ActiveCfg = Debug|Any CPU
		{CFC62108-633B-42ED-A510-42A8C88535B6}.Debug|x64.Build.0 = Debug|Any CPU
		{CFC62108-633B-42ED-A510-42A8C88535B6}.Debug|x86.ActiveCfg = Debug|Any CPU
		{CFC62108-633B-42ED-A510-42A8C88535B6}.Debug|x86.Build.0 = Debug|Any CPU
		{CFC62108-633B-42ED-A510-42A8C88535B6}.Release|Any CPU.ActiveCfg = Release|Any CPU
		{CFC62108-633B-42ED-A510-42A8C88535B6}.Release|Any CPU.Build.0 = Release|Any CPU
		{CFC62108-633B-42ED-A510-42A8C88535B6}.Release|x64.ActiveCfg = Release|Any CPU
		{CFC62108-633B-42ED-A510-42A8C88535B6}.Release|x64.Build.0 = Release|Any CPU
		{CFC62108-633B-42ED-A510-42A8C88535B6}.Release|x86.ActiveCfg = Release|Any CPU
		{CFC62108-633B-42ED-A510-42A8C88535B6}.Release|x86.Build.0 = Release|Any CPU
		{1C742D67-3BF6-4891-ADFB-C2C88B89EC69}.Debug|Any CPU.ActiveCfg = Debug|Any CPU
		{1C742D67-3BF6-4891-ADFB-C2C88B89EC69}.Debug|Any CPU.Build.0 = Debug|Any CPU
		{1C742D67-3BF6-4891-ADFB-C2C88B89EC69}.Debug|x64.ActiveCfg = Debug|Any CPU
		{1C742D67-3BF6-4891-ADFB-C2C88B89EC69}.Debug|x64.Build.0 = Debug|Any CPU
		{1C742D67-3BF6-4891-ADFB-C2C88B89EC69}.Debug|x86.ActiveCfg = Debug|Any CPU
		{1C742D67-3BF6-4891-ADFB-C2C88B89EC69}.Debug|x86.Build.0 = Debug|Any CPU
		{1C742D67-3BF6-4891-ADFB-C2C88B89EC69}.Release|Any CPU.ActiveCfg = Release|Any CPU
		{1C742D67-3BF6-4891-ADFB-C2C88B89EC69}.Release|Any CPU.Build.0 = Release|Any CPU
		{1C742D67-3BF6-4891-ADFB-C2C88B89EC69}.Release|x64.ActiveCfg = Release|Any CPU
		{1C742D67-3BF6-4891-ADFB-C2C88B89EC69}.Release|x64.Build.0 = Release|Any CPU
		{1C742D67-3BF6-4891-ADFB-C2C88B89EC69}.Release|x86.ActiveCfg = Release|Any CPU
		{1C742D67-3BF6-4891-ADFB-C2C88B89EC69}.Release|x86.Build.0 = Release|Any CPU
		{B3224BC8-E331-4E18-9742-F59A5B331D58}.Debug|Any CPU.ActiveCfg = Debug|Any CPU
		{B3224BC8-E331-4E18-9742-F59A5B331D58}.Debug|Any CPU.Build.0 = Debug|Any CPU
		{B3224BC8-E331-4E18-9742-F59A5B331D58}.Debug|x64.ActiveCfg = Debug|Any CPU
		{B3224BC8-E331-4E18-9742-F59A5B331D58}.Debug|x64.Build.0 = Debug|Any CPU
		{B3224BC8-E331-4E18-9742-F59A5B331D58}.Debug|x86.ActiveCfg = Debug|Any CPU
		{B3224BC8-E331-4E18-9742-F59A5B331D58}.Debug|x86.Build.0 = Debug|Any CPU
		{B3224BC8-E331-4E18-9742-F59A5B331D58}.Release|Any CPU.ActiveCfg = Release|Any CPU
		{B3224BC8-E331-4E18-9742-F59A5B331D58}.Release|Any CPU.Build.0 = Release|Any CPU
		{B3224BC8-E331-4E18-9742-F59A5B331D58}.Release|x64.ActiveCfg = Release|Any CPU
		{B3224BC8-E331-4E18-9742-F59A5B331D58}.Release|x64.Build.0 = Release|Any CPU
		{B3224BC8-E331-4E18-9742-F59A5B331D58}.Release|x86.ActiveCfg = Release|Any CPU
		{B3224BC8-E331-4E18-9742-F59A5B331D58}.Release|x86.Build.0 = Release|Any CPU
		{E8AEDBC5-2640-43AE-BD92-ABACA689272E}.Debug|Any CPU.ActiveCfg = Debug|Any CPU
		{E8AEDBC5-2640-43AE-BD92-ABACA689272E}.Debug|Any CPU.Build.0 = Debug|Any CPU
		{E8AEDBC5-2640-43AE-BD92-ABACA689272E}.Debug|x64.ActiveCfg = Debug|Any CPU
		{E8AEDBC5-2640-43AE-BD92-ABACA689272E}.Debug|x64.Build.0 = Debug|Any CPU
		{E8AEDBC5-2640-43AE-BD92-ABACA689272E}.Debug|x86.ActiveCfg = Debug|Any CPU
		{E8AEDBC5-2640-43AE-BD92-ABACA689272E}.Debug|x86.Build.0 = Debug|Any CPU
		{E8AEDBC5-2640-43AE-BD92-ABACA689272E}.Release|Any CPU.ActiveCfg = Release|Any CPU
		{E8AEDBC5-2640-43AE-BD92-ABACA689272E}.Release|Any CPU.Build.0 = Release|Any CPU
		{E8AEDBC5-2640-43AE-BD92-ABACA689272E}.Release|x64.ActiveCfg = Release|Any CPU
		{E8AEDBC5-2640-43AE-BD92-ABACA689272E}.Release|x64.Build.0 = Release|Any CPU
		{E8AEDBC5-2640-43AE-BD92-ABACA689272E}.Release|x86.ActiveCfg = Release|Any CPU
		{E8AEDBC5-2640-43AE-BD92-ABACA689272E}.Release|x86.Build.0 = Release|Any CPU
		{1728F168-8B51-4393-833C-0FA92DF8270C}.Debug|Any CPU.ActiveCfg = Debug|Any CPU
		{1728F168-8B51-4393-833C-0FA92DF8270C}.Debug|Any CPU.Build.0 = Debug|Any CPU
		{1728F168-8B51-4393-833C-0FA92DF8270C}.Debug|x64.ActiveCfg = Debug|Any CPU
		{1728F168-8B51-4393-833C-0FA92DF8270C}.Debug|x64.Build.0 = Debug|Any CPU
		{1728F168-8B51-4393-833C-0FA92DF8270C}.Debug|x86.ActiveCfg = Debug|Any CPU
		{1728F168-8B51-4393-833C-0FA92DF8270C}.Debug|x86.Build.0 = Debug|Any CPU
		{1728F168-8B51-4393-833C-0FA92DF8270C}.Release|Any CPU.ActiveCfg = Release|Any CPU
		{1728F168-8B51-4393-833C-0FA92DF8270C}.Release|Any CPU.Build.0 = Release|Any CPU
		{1728F168-8B51-4393-833C-0FA92DF8270C}.Release|x64.ActiveCfg = Release|Any CPU
		{1728F168-8B51-4393-833C-0FA92DF8270C}.Release|x64.Build.0 = Release|Any CPU
		{1728F168-8B51-4393-833C-0FA92DF8270C}.Release|x86.ActiveCfg = Release|Any CPU
		{1728F168-8B51-4393-833C-0FA92DF8270C}.Release|x86.Build.0 = Release|Any CPU
	EndGlobalSection
	GlobalSection(SolutionProperties) = preSolution
		HideSolutionNode = FALSE
	EndGlobalSection
	GlobalSection(NestedProjects) = preSolution
		{B40CD014-18BB-4CA0-A1CA-E858FB202625} = {827E0CD3-B72D-47B6-A68D-7590B98EB39B}
		{CFC62108-633B-42ED-A510-42A8C88535B6} = {827E0CD3-B72D-47B6-A68D-7590B98EB39B}
		{1C742D67-3BF6-4891-ADFB-C2C88B89EC69} = {827E0CD3-B72D-47B6-A68D-7590B98EB39B}
		{B3224BC8-E331-4E18-9742-F59A5B331D58} = {827E0CD3-B72D-47B6-A68D-7590B98EB39B}
		{E8AEDBC5-2640-43AE-BD92-ABACA689272E} = {0AB3BF05-4346-4AA6-1389-037BE0695223}
		{1728F168-8B51-4393-833C-0FA92DF8270C} = {0AB3BF05-4346-4AA6-1389-037BE0695223}
	EndGlobalSection
EndGlobal
